
Microsoft Visual Studio Solution File, Format Version 12.00
# Visual Studio 14
VisualStudioVersion = 14.0.25420.1
MinimumVisualStudioVersion = 10.0.40219.1
Project("{FAE04EC0-301F-11D3-BF4B-00C04F79EFBC}") = "ChatRoom", "ChatRoom\ChatRoom.csproj", "{6755ED49-562D-46E0-A511-BB875D70C6F3}"
EndProject
Project("{FAE04EC0-301F-11D3-BF4B-00C04F79EFBC}") = "Common", "Common\Common.csproj", "{DEE2C310-B117-4770-91DD-797701917021}"
EndProject
Global
	GlobalSection(SolutionConfigurationPlatforms) = preSolution
		Debug|Any CPU = Debug|Any CPU
		Release|Any CPU = Release|Any CPU
	EndGlobalSection
	GlobalSection(ProjectConfigurationPlatforms) = postSolution
		{6755ED49-562D-46E0-A511-BB875D70C6F3}.Debug|Any CPU.ActiveCfg = Debug|Any CPU
		{6755ED49-562D-46E0-A511-BB875D70C6F3}.Debug|Any CPU.Build.0 = Debug|Any CPU
		{6755ED49-562D-46E0-A511-BB875D70C6F3}.Release|Any CPU.ActiveCfg = Release|Any CPU
		{6755ED49-562D-46E0-A511-BB875D70C6F3}.Release|Any CPU.Build.0 = Release|Any CPU
		{DEE2C310-B117-4770-91DD-797701917021}.Debug|Any CPU.ActiveCfg = Debug|Any CPU
		{DEE2C310-B117-4770-91DD-797701917021}.Debug|Any CPU.Build.0 = Debug|Any CPU
		{DEE2C310-B117-4770-91DD-797701917021}.Release|Any CPU.ActiveCfg = Release|Any CPU
		{DEE2C310-B117-4770-91DD-797701917021}.Release|Any CPU.Build.0 = Release|Any CPU
	EndGlobalSection
	GlobalSection(SolutionProperties) = preSolution
		HideSolutionNode = FALSE
	EndGlobalSection
EndGlobal
